
Microsoft Visual Studio Solution File, Format Version 12.00
# Visual Studio Version 17
VisualStudioVersion = 17.5.33502.453
MinimumVisualStudioVersion = 10.0.40219.1
Project("{FAE04EC0-301F-11D3-BF4B-00C04F79EFBC}") = "tablero1", "tablero1.csproj", "{EF14F00D-3E31-4143-B0CC-4CBAA7D5E311}"
EndProject
Global
	GlobalSection(SolutionConfigurationPlatforms) = preSolution
		Debug|Any CPU = Debug|Any CPU
		Release|Any CPU = Release|Any CPU
	EndGlobalSection
	GlobalSection(ProjectConfigurationPlatforms) = postSolution
		{EF14F00D-3E31-4143-B0CC-4CBAA7D5E311}.Debug|Any CPU.ActiveCfg = Debug|Any CPU
		{EF14F00D-3E31-4143-B0CC-4CBAA7D5E311}.Debug|Any CPU.Build.0 = Debug|Any CPU
		{EF14F00D-3E31-4143-B0CC-4CBAA7D5E311}.Release|Any CPU.ActiveCfg = Release|Any CPU
		{EF14F00D-3E31-4143-B0CC-4CBAA7D5E311}.Release|Any CPU.Build.0 = Release|Any CPU
	EndGlobalSection
	GlobalSection(SolutionProperties) = preSolution
		HideSolutionNode = FALSE
	EndGlobalSection
	GlobalSection(ExtensibilityGlobals) = postSolution
		SolutionGuid = {9B10B328-1703-44BF-B02E-61B3298B528F}
	EndGlobalSection
EndGlobal
